
Microsoft Visual Studio Solution File, Format Version 12.00
# Visual Studio Version 17
VisualStudioVersion = 17.0.32112.339
MinimumVisualStudioVersion = 10.0.40219.1
Project("{FAE04EC0-301F-11D3-BF4B-00C04F79EFBC}") = "WindowsFormsApp_Test1", "WindowsFormsApp_Test1\WindowsFormsApp_Test1.csproj", "{A37A2E34-A80F-4F35-B684-68992DC97F7B}"
EndProject
Global
	GlobalSection(SolutionConfigurationPlatforms) = preSolution
		Debug|Any CPU = Debug|Any CPU
		Release|Any CPU = Release|Any CPU
	EndGlobalSection
	GlobalSection(ProjectConfigurationPlatforms) = postSolution
		{A37A2E34-A80F-4F35-B684-68992DC97F7B}.Debug|Any CPU.ActiveCfg = Debug|Any CPU
		{A37A2E34-A80F-4F35-B684-68992DC97F7B}.Debug|Any CPU.Build.0 = Debug|Any CPU
		{A37A2E34-A80F-4F35-B684-68992DC97F7B}.Release|Any CPU.ActiveCfg = Release|Any CPU
		{A37A2E34-A80F-4F35-B684-68992DC97F7B}.Release|Any CPU.Build.0 = Release|Any CPU
	EndGlobalSection
	GlobalSection(SolutionProperties) = preSolution
		HideSolutionNode = FALSE
	EndGlobalSection
	GlobalSection(ExtensibilityGlobals) = postSolution
		SolutionGuid = {393D7FB6-A5AC-4CD2-9A90-6F0E56B40152}
	EndGlobalSection
EndGlobal
