
Microsoft Visual Studio Solution File, Format Version 12.00
# Visual Studio Version 17
VisualStudioVersion = 17.0.32112.339
MinimumVisualStudioVersion = 10.0.40219.1
Project("{FAE04EC0-301F-11D3-BF4B-00C04F79EFBC}") = "CustomCollectionsExample", "CustomCollectionsExample\CustomCollectionsExample.csproj", "{214671B0-91E8-4D4C-A5B2-BD3634BC38F2}"
EndProject
Global
	GlobalSection(SolutionConfigurationPlatforms) = preSolution
		Debug|Any CPU = Debug|Any CPU
		Release|Any CPU = Release|Any CPU
	EndGlobalSection
	GlobalSection(ProjectConfigurationPlatforms) = postSolution
		{214671B0-91E8-4D4C-A5B2-BD3634BC38F2}.Debug|Any CPU.ActiveCfg = Debug|Any CPU
		{214671B0-91E8-4D4C-A5B2-BD3634BC38F2}.Debug|Any CPU.Build.0 = Debug|Any CPU
		{214671B0-91E8-4D4C-A5B2-BD3634BC38F2}.Release|Any CPU.ActiveCfg = Release|Any CPU
		{214671B0-91E8-4D4C-A5B2-BD3634BC38F2}.Release|Any CPU.Build.0 = Release|Any CPU
	EndGlobalSection
	GlobalSection(SolutionProperties) = preSolution
		HideSolutionNode = FALSE
	EndGlobalSection
	GlobalSection(ExtensibilityGlobals) = postSolution
		SolutionGuid = {187BCA1E-4D60-438B-85D5-88094180AF0F}
	EndGlobalSection
EndGlobal
