
Microsoft Visual Studio Solution File, Format Version 12.00
# Visual Studio Version 17
VisualStudioVersion = 17.1.32210.238
MinimumVisualStudioVersion = 10.0.40219.1
Project("{FAE04EC0-301F-11D3-BF4B-00C04F79EFBC}") = "MVCFiltersDemo", "MVCFiltersDemo\MVCFiltersDemo.csproj", "{B688A8AB-9F67-428A-B49E-6387FC2BA6D0}"
EndProject
Global
	GlobalSection(SolutionConfigurationPlatforms) = preSolution
		Debug|Any CPU = Debug|Any CPU
		Release|Any CPU = Release|Any CPU
	EndGlobalSection
	GlobalSection(ProjectConfigurationPlatforms) = postSolution
		{B688A8AB-9F67-428A-B49E-6387FC2BA6D0}.Debug|Any CPU.ActiveCfg = Debug|Any CPU
		{B688A8AB-9F67-428A-B49E-6387FC2BA6D0}.Debug|Any CPU.Build.0 = Debug|Any CPU
		{B688A8AB-9F67-428A-B49E-6387FC2BA6D0}.Release|Any CPU.ActiveCfg = Release|Any CPU
		{B688A8AB-9F67-428A-B49E-6387FC2BA6D0}.Release|Any CPU.Build.0 = Release|Any CPU
	EndGlobalSection
	GlobalSection(SolutionProperties) = preSolution
		HideSolutionNode = FALSE
	EndGlobalSection
	GlobalSection(ExtensibilityGlobals) = postSolution
		SolutionGuid = {3433CB0D-5D27-4C88-82A2-AC0EBF0E0A36}
	EndGlobalSection
EndGlobal
