
Microsoft Visual Studio Solution File, Format Version 12.00
# Visual Studio Version 17
VisualStudioVersion = 17.1.32319.34
MinimumVisualStudioVersion = 10.0.40219.1
Project("{FAE04EC0-301F-11D3-BF4B-00C04F79EFBC}") = "CrudMvcTestAjax", "CrudMvcTestAjax\CrudMvcTestAjax.csproj", "{B6B14B59-1481-4361-A6EA-1E83C1E27DAF}"
EndProject
Global
	GlobalSection(SolutionConfigurationPlatforms) = preSolution
		Debug|Any CPU = Debug|Any CPU
		Release|Any CPU = Release|Any CPU
	EndGlobalSection
	GlobalSection(ProjectConfigurationPlatforms) = postSolution
		{B6B14B59-1481-4361-A6EA-1E83C1E27DAF}.Debug|Any CPU.ActiveCfg = Debug|Any CPU
		{B6B14B59-1481-4361-A6EA-1E83C1E27DAF}.Debug|Any CPU.Build.0 = Debug|Any CPU
		{B6B14B59-1481-4361-A6EA-1E83C1E27DAF}.Release|Any CPU.ActiveCfg = Release|Any CPU
		{B6B14B59-1481-4361-A6EA-1E83C1E27DAF}.Release|Any CPU.Build.0 = Release|Any CPU
	EndGlobalSection
	GlobalSection(SolutionProperties) = preSolution
		HideSolutionNode = FALSE
	EndGlobalSection
	GlobalSection(ExtensibilityGlobals) = postSolution
		SolutionGuid = {D697AA68-CC70-44D1-9681-E5500307EA69}
	EndGlobalSection
EndGlobal
